
Microsoft Visual Studio Solution File, Format Version 12.00
# Visual Studio Version 16
VisualStudioVersion = 16.0.32413.511
MinimumVisualStudioVersion = 10.0.40219.1
Project("{FAE04EC0-301F-11D3-BF4B-00C04F79EFBC}") = "LogToFile", "LogToFile.csproj", "{8AFFF1DB-010B-4064-8C51-56611E252792}"
EndProject
Global
	GlobalSection(SolutionConfigurationPlatforms) = preSolution
		Debug|Any CPU = Debug|Any CPU
		Release|Any CPU = Release|Any CPU
	EndGlobalSection
	GlobalSection(ProjectConfigurationPlatforms) = postSolution
		{8AFFF1DB-010B-4064-8C51-56611E252792}.Debug|Any CPU.ActiveCfg = Debug|Any CPU
		{8AFFF1DB-010B-4064-8C51-56611E252792}.Debug|Any CPU.Build.0 = Debug|Any CPU
		{8AFFF1DB-010B-4064-8C51-56611E252792}.Release|Any CPU.ActiveCfg = Release|Any CPU
		{8AFFF1DB-010B-4064-8C51-56611E252792}.Release|Any CPU.Build.0 = Release|Any CPU
	EndGlobalSection
	GlobalSection(SolutionProperties) = preSolution
		HideSolutionNode = FALSE
	EndGlobalSection
	GlobalSection(ExtensibilityGlobals) = postSolution
		SolutionGuid = {011A825F-AAE0-4297-9454-1BED83993A31}
	EndGlobalSection
EndGlobal
