
Microsoft Visual Studio Solution File, Format Version 12.00
# Visual Studio Version 16
VisualStudioVersion = 16.0.32413.511
MinimumVisualStudioVersion = 10.0.40219.1
Project("{FAE04EC0-301F-11D3-BF4B-00C04F79EFBC}") = "Step388TryCatch", "Step388TryCatch.csproj", "{B3E3D28F-25B8-44F6-BFAC-78090332A9FC}"
EndProject
Global
	GlobalSection(SolutionConfigurationPlatforms) = preSolution
		Debug|Any CPU = Debug|Any CPU
		Release|Any CPU = Release|Any CPU
	EndGlobalSection
	GlobalSection(ProjectConfigurationPlatforms) = postSolution
		{B3E3D28F-25B8-44F6-BFAC-78090332A9FC}.Debug|Any CPU.ActiveCfg = Debug|Any CPU
		{B3E3D28F-25B8-44F6-BFAC-78090332A9FC}.Debug|Any CPU.Build.0 = Debug|Any CPU
		{B3E3D28F-25B8-44F6-BFAC-78090332A9FC}.Release|Any CPU.ActiveCfg = Release|Any CPU
		{B3E3D28F-25B8-44F6-BFAC-78090332A9FC}.Release|Any CPU.Build.0 = Release|Any CPU
	EndGlobalSection
	GlobalSection(SolutionProperties) = preSolution
		HideSolutionNode = FALSE
	EndGlobalSection
	GlobalSection(ExtensibilityGlobals) = postSolution
		SolutionGuid = {0D127CDF-37F9-430E-B133-5890FE042D36}
	EndGlobalSection
EndGlobal
