
Microsoft Visual Studio Solution File, Format Version 12.00
# Visual Studio Version 16
VisualStudioVersion = 16.0.32413.511
MinimumVisualStudioVersion = 10.0.40219.1
Project("{FAE04EC0-301F-11D3-BF4B-00C04F79EFBC}") = "Step302", "Step302.csproj", "{F9807681-FF45-4910-B6BC-678F97F44810}"
EndProject
Global
	GlobalSection(SolutionConfigurationPlatforms) = preSolution
		Debug|Any CPU = Debug|Any CPU
		Release|Any CPU = Release|Any CPU
	EndGlobalSection
	GlobalSection(ProjectConfigurationPlatforms) = postSolution
		{F9807681-FF45-4910-B6BC-678F97F44810}.Debug|Any CPU.ActiveCfg = Debug|Any CPU
		{F9807681-FF45-4910-B6BC-678F97F44810}.Debug|Any CPU.Build.0 = Debug|Any CPU
		{F9807681-FF45-4910-B6BC-678F97F44810}.Release|Any CPU.ActiveCfg = Release|Any CPU
		{F9807681-FF45-4910-B6BC-678F97F44810}.Release|Any CPU.Build.0 = Release|Any CPU
	EndGlobalSection
	GlobalSection(SolutionProperties) = preSolution
		HideSolutionNode = FALSE
	EndGlobalSection
	GlobalSection(ExtensibilityGlobals) = postSolution
		SolutionGuid = {52C1A5E4-52D0-4E06-9613-1CBBF902FFE8}
	EndGlobalSection
EndGlobal
