
Microsoft Visual Studio Solution File, Format Version 12.00
# Visual Studio Version 16
VisualStudioVersion = 16.0.32413.511
MinimumVisualStudioVersion = 10.0.40219.1
Project("{FAE04EC0-301F-11D3-BF4B-00C04F79EFBC}") = "Step281", "Step281.csproj", "{C504BDF0-0BE6-4095-8E65-B5CF18FFBB2F}"
EndProject
Global
	GlobalSection(SolutionConfigurationPlatforms) = preSolution
		Debug|Any CPU = Debug|Any CPU
		Release|Any CPU = Release|Any CPU
	EndGlobalSection
	GlobalSection(ProjectConfigurationPlatforms) = postSolution
		{C504BDF0-0BE6-4095-8E65-B5CF18FFBB2F}.Debug|Any CPU.ActiveCfg = Debug|Any CPU
		{C504BDF0-0BE6-4095-8E65-B5CF18FFBB2F}.Debug|Any CPU.Build.0 = Debug|Any CPU
		{C504BDF0-0BE6-4095-8E65-B5CF18FFBB2F}.Release|Any CPU.ActiveCfg = Release|Any CPU
		{C504BDF0-0BE6-4095-8E65-B5CF18FFBB2F}.Release|Any CPU.Build.0 = Release|Any CPU
	EndGlobalSection
	GlobalSection(SolutionProperties) = preSolution
		HideSolutionNode = FALSE
	EndGlobalSection
	GlobalSection(ExtensibilityGlobals) = postSolution
		SolutionGuid = {0929E0FC-7AB8-4D5E-A4CE-44A3093DDEED}
	EndGlobalSection
EndGlobal
