
Microsoft Visual Studio Solution File, Format Version 12.00
# Visual Studio Version 16
VisualStudioVersion = 16.0.32413.511
MinimumVisualStudioVersion = 10.0.40219.1
Project("{FAE04EC0-301F-11D3-BF4B-00C04F79EFBC}") = "Step281", "Step281.csproj", "{742CC20E-F660-46F7-A3A0-5DFDE6A885CD}"
EndProject
Global
	GlobalSection(SolutionConfigurationPlatforms) = preSolution
		Debug|Any CPU = Debug|Any CPU
		Release|Any CPU = Release|Any CPU
	EndGlobalSection
	GlobalSection(ProjectConfigurationPlatforms) = postSolution
		{742CC20E-F660-46F7-A3A0-5DFDE6A885CD}.Debug|Any CPU.ActiveCfg = Debug|Any CPU
		{742CC20E-F660-46F7-A3A0-5DFDE6A885CD}.Debug|Any CPU.Build.0 = Debug|Any CPU
		{742CC20E-F660-46F7-A3A0-5DFDE6A885CD}.Release|Any CPU.ActiveCfg = Release|Any CPU
		{742CC20E-F660-46F7-A3A0-5DFDE6A885CD}.Release|Any CPU.Build.0 = Release|Any CPU
	EndGlobalSection
	GlobalSection(SolutionProperties) = preSolution
		HideSolutionNode = FALSE
	EndGlobalSection
	GlobalSection(ExtensibilityGlobals) = postSolution
		SolutionGuid = {E6A17808-BBD6-44FD-B129-1089C50BF7D6}
	EndGlobalSection
EndGlobal
