
Microsoft Visual Studio Solution File, Format Version 12.00
# Visual Studio Version 16
VisualStudioVersion = 16.0.32413.511
MinimumVisualStudioVersion = 10.0.40219.1
Project("{FAE04EC0-301F-11D3-BF4B-00C04F79EFBC}") = "Step280", "Step280.csproj", "{D1090226-B4F3-4B5F-92CD-B952C9457D1E}"
EndProject
Global
	GlobalSection(SolutionConfigurationPlatforms) = preSolution
		Debug|Any CPU = Debug|Any CPU
		Release|Any CPU = Release|Any CPU
	EndGlobalSection
	GlobalSection(ProjectConfigurationPlatforms) = postSolution
		{D1090226-B4F3-4B5F-92CD-B952C9457D1E}.Debug|Any CPU.ActiveCfg = Debug|Any CPU
		{D1090226-B4F3-4B5F-92CD-B952C9457D1E}.Debug|Any CPU.Build.0 = Debug|Any CPU
		{D1090226-B4F3-4B5F-92CD-B952C9457D1E}.Release|Any CPU.ActiveCfg = Release|Any CPU
		{D1090226-B4F3-4B5F-92CD-B952C9457D1E}.Release|Any CPU.Build.0 = Release|Any CPU
	EndGlobalSection
	GlobalSection(SolutionProperties) = preSolution
		HideSolutionNode = FALSE
	EndGlobalSection
	GlobalSection(ExtensibilityGlobals) = postSolution
		SolutionGuid = {211E3DD1-EA99-41FA-BB83-3838677CFC70}
	EndGlobalSection
EndGlobal
